// !$*UTF8*$!
{
	archiveVersion = 1;
	classes = {
	};
	objectVersion = 56;
	objects = {

/* Begin PBXBuildFile section */
		16FF7F542B26594C00DABE56 /* AppDelegate.swift in Sources */ = {isa = PBXBuildFile; fileRef = 16FF7F532B26594C00DABE56 /* AppDelegate.swift */; };
		16FF7F562B26594C00DABE56 /* SceneDelegate.swift in Sources */ = {isa = PBXBuildFile; fileRef = 16FF7F552B26594C00DABE56 /* SceneDelegate.swift */; };
		16FF7F582B26594C00DABE56 /* ViewController.swift in Sources */ = {isa = PBXBuildFile; fileRef = 16FF7F572B26594C00DABE56 /* ViewController.swift */; };
		16FF7F5B2B26594C00DABE56 /* Main.storyboard in Resources */ = {isa = PBXBuildFile; fileRef = 16FF7F592B26594C00DABE56 /* Main.storyboard */; };
		16FF7F5D2B26594E00DABE56 /* Assets.xcassets in Resources */ = {isa = PBXBuildFile; fileRef = 16FF7F5C2B26594E00DABE56 /* Assets.xcassets */; };
		16FF7F602B26594E00DABE56 /* LaunchScreen.storyboard in Resources */ = {isa = PBXBuildFile; fileRef = 16FF7F5E2B26594E00DABE56 /* LaunchScreen.storyboard */; };
		16FF7F6B2B26594E00DABE56 /* GitHubTestTests.swift in Sources */ = {isa = PBXBuildFile; fileRef = 16FF7F6A2B26594E00DABE56 /* GitHubTestTests.swift */; };
		16FF7F752B26594E00DABE56 /* GitHubTestUITests.swift in Sources */ = {isa = PBXBuildFile; fileRef = 16FF7F742B26594E00DABE56 /* GitHubTestUITests.swift */; };
		16FF7F772B26594E00DABE56 /* GitHubTestUITestsLaunchTests.swift in Sources */ = {isa = PBXBuildFile; fileRef = 16FF7F762B26594E00DABE56 /* GitHubTestUITestsLaunchTests.swift */; };
/* End PBXBuildFile section */

/* Begin PBXContainerItemProxy section */
		16FF7F672B26594E00DABE56 /* PBXContainerItemProxy */ = {
			isa = PBXContainerItemProxy;
			containerPortal = 16FF7F482B26594C00DABE56 /* Project object */;
			proxyType = 1;
			remoteGlobalIDString = 16FF7F4F2B26594C00DABE56;
			remoteInfo = GitHubTest;
		};
		16FF7F712B26594E00DABE56 /* PBXContainerItemProxy */ = {
			isa = PBXContainerItemProxy;
			containerPortal = 16FF7F482B26594C00DABE56 /* Project object */;
			proxyType = 1;
			remoteGlobalIDString = 16FF7F4F2B26594C00DABE56;
			remoteInfo = GitHubTest;
		};
/* End PBXContainerItemProxy section */

/* Begin PBXFileReference section */
		16FF7F502B26594C00DABE56 /* GitHubTest.app */ = {isa = PBXFileReference; explicitFileType = wrapper.application; includeInIndex = 0; path = GitHubTest.app; sourceTree = BUILT_PRODUCTS_DIR; };
		16FF7F532B26594C00DABE56 /* AppDelegate.swift */ = {isa = PBXFileReference; lastKnownFileType = sourcecode.swift; path = AppDelegate.swift; sourceTree = "<group>"; };
		16FF7F552B26594C00DABE56 /* SceneDelegate.swift */ = {isa = PBXFileReference; lastKnownFileType = sourcecode.swift; path = SceneDelegate.swift; sourceTree = "<group>"; };
		16FF7F572B26594C00DABE56 /* ViewController.swift */ = {isa = PBXFileReference; lastKnownFileType = sourcecode.swift; path = ViewController.swift; sourceTree = "<group>"; };
		16FF7F5A2B26594C00DABE56 /* Base */ = {isa = PBXFileReference; lastKnownFileType = file.storyboard; name = Base; path = Base.lproj/Main.storyboard; sourceTree = "<group>"; };
		16FF7F5C2B26594E00DABE56 /* Assets.xcassets */ = {isa = PBXFileReference; lastKnownFileType = folder.assetcatalog; path = Assets.xcassets; sourceTree = "<group>"; };
		16FF7F5F2B26594E00DABE56 /* Base */ = {isa = PBXFileReference; lastKnownFileType = file.storyboard; name = Base; path = Base.lproj/LaunchScreen.storyboard; sourceTree = "<group>"; };
		16FF7F612B26594E00DABE56 /* Info.plist */ = {isa = PBXFileReference; lastKnownFileType = text.plist.xml; path = Info.plist; sourceTree = "<group>"; };
		16FF7F662B26594E00DABE56 /* GitHubTestTests.xctest */ = {isa = PBXFileReference; explicitFileType = wrapper.cfbundle; includeInIndex = 0; path = GitHubTestTests.xctest; sourceTree = BUILT_PRODUCTS_DIR; };
		16FF7F6A2B26594E00DABE56 /* GitHubTestTests.swift */ = {isa = PBXFileReference; lastKnownFileType = sourcecode.swift; path = GitHubTestTests.swift; sourceTree = "<group>"; };
		16FF7F702B26594E00DABE56 /* GitHubTestUITests.xctest */ = {isa = PBXFileReference; explicitFileType = wrapper.cfbundle; includeInIndex = 0; path = GitHubTestUITests.xctest; sourceTree = BUILT_PRODUCTS_DIR; };
		16FF7F742B26594E00DABE56 /* GitHubTestUITests.swift */ = {isa = PBXFileReference; lastKnownFileType = sourcecode.swift; path = GitHubTestUITests.swift; sourceTree = "<group>"; };
		16FF7F762B26594E00DABE56 /* GitHubTestUITestsLaunchTests.swift */ = {isa = PBXFileReference; lastKnownFileType = sourcecode.swift; path = GitHubTestUITestsLaunchTests.swift; sourceTree = "<group>"; };
/* End PBXFileReference section */

/* Begin PBXFrameworksBuildPhase section */
		16FF7F4D2B26594C00DABE56 /* Frameworks */ = {
			isa = PBXFrameworksBuildPhase;
			buildActionMask = 2147483647;
			files = (
			);
			runOnlyForDeploymentPostprocessing = 0;
		};
		16FF7F632B26594E00DABE56 /* Frameworks */ = {
			isa = PBXFrameworksBuildPhase;
			buildActionMask = 2147483647;
			files = (
			);
			runOnlyForDeploymentPostprocessing = 0;
		};
		16FF7F6D2B26594E00DABE56 /* Frameworks */ = {
			isa = PBXFrameworksBuildPhase;
			buildActionMask = 2147483647;
			files = (
			);
			runOnlyForDeploymentPostprocessing = 0;
		};
/* End PBXFrameworksBuildPhase section */

/* Begin PBXGroup section */
		16FF7F472B26594C00DABE56 = {
			isa = PBXGroup;
			children = (
				16FF7F522B26594C00DABE56 /* GitHubTest */,
				16FF7F692B26594E00DABE56 /* GitHubTestTests */,
				16FF7F732B26594E00DABE56 /* GitHubTestUITests */,
				16FF7F512B26594C00DABE56 /* Products */,
			);
			sourceTree = "<group>";
		};
		16FF7F512B26594C00DABE56 /* Products */ = {
			isa = PBXGroup;
			children = (
				16FF7F502B26594C00DABE56 /* GitHubTest.app */,
				16FF7F662B26594E00DABE56 /* GitHubTestTests.xctest */,
				16FF7F702B26594E00DABE56 /* GitHubTestUITests.xctest */,
			);
			name = Products;
			sourceTree = "<group>";
		};
		16FF7F522B26594C00DABE56 /* GitHubTest */ = {
			isa = PBXGroup;
			children = (
				16FF7F532B26594C00DABE56 /* AppDelegate.swift */,
				16FF7F552B26594C00DABE56 /* SceneDelegate.swift */,
				16FF7F572B26594C00DABE56 /* ViewController.swift */,
				16FF7F592B26594C00DABE56 /* Main.storyboard */,
				16FF7F5C2B26594E00DABE56 /* Assets.xcassets */,
				16FF7F5E2B26594E00DABE56 /* LaunchScreen.storyboard */,
				16FF7F612B26594E00DABE56 /* Info.plist */,
			);
			path = GitHubTest;
			sourceTree = "<group>";
		};
		16FF7F692B26594E00DABE56 /* GitHubTestTests */ = {
			isa = PBXGroup;
			children = (
				16FF7F6A2B26594E00DABE56 /* GitHubTestTests.swift */,
			);
			path = GitHubTestTests;
			sourceTree = "<group>";
		};
		16FF7F732B26594E00DABE56 /* GitHubTestUITests */ = {
			isa = PBXGroup;
			children = (
				16FF7F742B26594E00DABE56 /* GitHubTestUITests.swift */,
				16FF7F762B26594E00DABE56 /* GitHubTestUITestsLaunchTests.swift */,
			);
			path = GitHubTestUITests;
			sourceTree = "<group>";
		};
/* End PBXGroup section */

/* Begin PBXNativeTarget section */
		16FF7F4F2B26594C00DABE56 /* GitHubTest */ = {
			isa = PBXNativeTarget;
			buildConfigurationList = 16FF7F7A2B26594E00DABE56 /* Build configuration list for PBXNativeTarget "GitHubTest" */;
			buildPhases = (
				16FF7F4C2B26594C00DABE56 /* Sources */,
				16FF7F4D2B26594C00DABE56 /* Frameworks */,
				16FF7F4E2B26594C00DABE56 /* Resources */,
			);
			buildRules = (
			);
			dependencies = (
			);
			name = GitHubTest;
			productName = GitHubTest;
			productReference = 16FF7F502B26594C00DABE56 /* GitHubTest.app */;
			productType = "com.apple.product-type.application";
		};
		16FF7F652B26594E00DABE56 /* GitHubTestTests */ = {
			isa = PBXNativeTarget;
			buildConfigurationList = 16FF7F7D2B26594E00DABE56 /* Build configuration list for PBXNativeTarget "GitHubTestTests" */;
			buildPhases = (
				16FF7F622B26594E00DABE56 /* Sources */,
				16FF7F632B26594E00DABE56 /* Frameworks */,
				16FF7F642B26594E00DABE56 /* Resources */,
			);
			buildRules = (
			);
			dependencies = (
				16FF7F682B26594E00DABE56 /* PBXTargetDependency */,
			);
			name = GitHubTestTests;
			productName = GitHubTestTests;
			productReference = 16FF7F662B26594E00DABE56 /* GitHubTestTests.xctest */;
			productType = "com.apple.product-type.bundle.unit-test";
		};
		16FF7F6F2B26594E00DABE56 /* GitHubTestUITests */ = {
			isa = PBXNativeTarget;
			buildConfigurationList = 16FF7F802B26594E00DABE56 /* Build configuration list for PBXNativeTarget "GitHubTestUITests" */;
			buildPhases = (
				16FF7F6C2B26594E00DABE56 /* Sources */,
				16FF7F6D2B26594E00DABE56 /* Frameworks */,
				16FF7F6E2B26594E00DABE56 /* Resources */,
			);
			buildRules = (
			);
			dependencies = (
				16FF7F722B26594E00DABE56 /* PBXTargetDependency */,
			);
			name = GitHubTestUITests;
			productName = GitHubTestUITests;
			productReference = 16FF7F702B26594E00DABE56 /* GitHubTestUITests.xctest */;
			productType = "com.apple.product-type.bundle.ui-testing";
		};
/* End PBXNativeTarget section */

/* Begin PBXProject section */
		16FF7F482B26594C00DABE56 /* Project object */ = {
			isa = PBXProject;
			attributes = {
				BuildIndependentTargetsInParallel = 1;
				LastSwiftUpdateCheck = 1500;
				LastUpgradeCheck = 1500;
				TargetAttributes = {
					16FF7F4F2B26594C00DABE56 = {
						CreatedOnToolsVersion = 15.0.1;
					};
					16FF7F652B26594E00DABE56 = {
						CreatedOnToolsVersion = 15.0.1;
						TestTargetID = 16FF7F4F2B26594C00DABE56;
					};
					16FF7F6F2B26594E00DABE56 = {
						CreatedOnToolsVersion = 15.0.1;
						TestTargetID = 16FF7F4F2B26594C00DABE56;
					};
				};
			};
			buildConfigurationList = 16FF7F4B2B26594C00DABE56 /* Build configuration list for PBXProject "GitHubTest" */;
			compatibilityVersion = "Xcode 14.0";
			developmentRegion = en;
			hasScannedForEncodings = 0;
			knownRegions = (
				en,
				Base,
			);
			mainGroup = 16FF7F472B26594C00DABE56;
			productRefGroup = 16FF7F512B26594C00DABE56 /* Products */;
			projectDirPath = "";
			projectRoot = "";
			targets = (
				16FF7F4F2B26594C00DABE56 /* GitHubTest */,
				16FF7F652B26594E00DABE56 /* GitHubTestTests */,
				16FF7F6F2B26594E00DABE56 /* GitHubTestUITests */,
			);
		};
/* End PBXProject section */

/* Begin PBXResourcesBuildPhase section */
		16FF7F4E2B26594C00DABE56 /* Resources */ = {
			isa = PBXResourcesBuildPhase;
			buildActionMask = 2147483647;
			files = (
				16FF7F602B26594E00DABE56 /* LaunchScreen.storyboard in Resources */,
				16FF7F5D2B26594E00DABE56 /* Assets.xcassets in Resources */,
				16FF7F5B2B26594C00DABE56 /* Main.storyboard in Resources */,
			);
			runOnlyForDeploymentPostprocessing = 0;
		};
		16FF7F642B26594E00DABE56 /* Resources */ = {
			isa = PBXResourcesBuildPhase;
			buildActionMask = 2147483647;
			files = (
			);
			runOnlyForDeploymentPostprocessing = 0;
		};
		16FF7F6E2B26594E00DABE56 /* Resources */ = {
			isa = PBXResourcesBuildPhase;
			buildActionMask = 2147483647;
			files = (
			);
			runOnlyForDeploymentPostprocessing = 0;
		};
/* End PBXResourcesBuildPhase section */

/* Begin PBXSourcesBuildPhase section */
		16FF7F4C2B26594C00DABE56 /* Sources */ = {
			isa = PBXSourcesBuildPhase;
			buildActionMask = 2147483647;
			files = (
				16FF7F582B26594C00DABE56 /* ViewController.swift in Sources */,
				16FF7F542B26594C00DABE56 /* AppDelegate.swift in Sources */,
				16FF7F562B26594C00DABE56 /* SceneDelegate.swift in Sources */,
			);
			runOnlyForDeploymentPostprocessing = 0;
		};
		16FF7F622B26594E00DABE56 /* Sources */ = {
			isa = PBXSourcesBuildPhase;
			buildActionMask = 2147483647;
			files = (
				16FF7F6B2B26594E00DABE56 /* GitHubTestTests.swift in Sources */,
			);
			runOnlyForDeploymentPostprocessing = 0;
		};
		16FF7F6C2B26594E00DABE56 /* Sources */ = {
			isa = PBXSourcesBuildPhase;
			buildActionMask = 2147483647;
			files = (
				16FF7F752B26594E00DABE56 /* GitHubTestUITests.swift in Sources */,
				16FF7F772B26594E00DABE56 /* GitHubTestUITestsLaunchTests.swift in Sources */,
			);
			runOnlyForDeploymentPostprocessing = 0;
		};
/* End PBXSourcesBuildPhase section */

/* Begin PBXTargetDependency section */
		16FF7F682B26594E00DABE56 /* PBXTargetDependency */ = {
			isa = PBXTargetDependency;
			target = 16FF7F4F2B26594C00DABE56 /* GitHubTest */;
			targetProxy = 16FF7F672B26594E00DABE56 /* PBXContainerItemProxy */;
		};
		16FF7F722B26594E00DABE56 /* PBXTargetDependency */ = {
			isa = PBXTargetDependency;
			target = 16FF7F4F2B26594C00DABE56 /* GitHubTest */;
			targetProxy = 16FF7F712B26594E00DABE56 /* PBXContainerItemProxy */;
		};
/* End PBXTargetDependency section */

/* Begin PBXVariantGroup section */
		16FF7F592B26594C00DABE56 /* Main.storyboard */ = {
			isa = PBXVariantGroup;
			children = (
				16FF7F5A2B26594C00DABE56 /* Base */,
			);
			name = Main.storyboard;
			sourceTree = "<group>";
		};
		16FF7F5E2B26594E00DABE56 /* LaunchScreen.storyboard */ = {
			isa = PBXVariantGroup;
			children = (
				16FF7F5F2B26594E00DABE56 /* Base */,
			);
			name = LaunchScreen.storyboard;
			sourceTree = "<group>";
		};
/* End PBXVariantGroup section */

/* Begin XCBuildConfiguration section */
		16FF7F782B26594E00DABE56 /* Debug */ = {
			isa = XCBuildConfiguration;
			buildSettings = {
				ALWAYS_SEARCH_USER_PATHS = NO;
				ASSETCATALOG_COMPILER_GENERATE_SWIFT_ASSET_SYMBOL_EXTENSIONS = YES;
				CLANG_ANALYZER_NONNULL = YES;
				CLANG_ANALYZER_NUMBER_OBJECT_CONVERSION = YES_AGGRESSIVE;
				CLANG_CXX_LANGUAGE_STANDARD = "gnu++20";
				CLANG_ENABLE_MODULES = YES;
				CLANG_ENABLE_OBJC_ARC = YES;
				CLANG_ENABLE_OBJC_WEAK = YES;
				CLANG_WARN_BLOCK_CAPTURE_AUTORELEASING = YES;
				CLANG_WARN_BOOL_CONVERSION = YES;
				CLANG_WARN_COMMA = YES;
				CLANG_WARN_CONSTANT_CONVERSION = YES;
				CLANG_WARN_DEPRECATED_OBJC_IMPLEMENTATIONS = YES;
				CLANG_WARN_DIRECT_OBJC_ISA_USAGE = YES_ERROR;
				CLANG_WARN_DOCUMENTATION_COMMENTS = YES;
				CLANG_WARN_EMPTY_BODY = YES;
				CLANG_WARN_ENUM_CONVERSION = YES;
				CLANG_WARN_INFINITE_RECURSION = YES;
				CLANG_WARN_INT_CONVERSION = YES;
				CLANG_WARN_NON_LITERAL_NULL_CONVERSION = YES;
				CLANG_WARN_OBJC_IMPLICIT_RETAIN_SELF = YES;
				CLANG_WARN_OBJC_LITERAL_CONVERSION = YES;
				CLANG_WARN_OBJC_ROOT_CLASS = YES_ERROR;
				CLANG_WARN_QUOTED_INCLUDE_IN_FRAMEWORK_HEADER = YES;
				CLANG_WARN_RANGE_LOOP_ANALYSIS = YES;
				CLANG_WARN_STRICT_PROTOTYPES = YES;
				CLANG_WARN_SUSPICIOUS_MOVE = YES;
				CLANG_WARN_UNGUARDED_AVAILABILITY = YES_AGGRESSIVE;
				CLANG_WARN_UNREACHABLE_CODE = YES;
				CLANG_WARN__DUPLICATE_METHOD_MATCH = YES;
				COPY_PHASE_STRIP = NO;
				DEBUG_INFORMATION_FORMAT = dwarf;
				ENABLE_STRICT_OBJC_MSGSEND = YES;
				ENABLE_TESTABILITY = YES;
				ENABLE_USER_SCRIPT_SANDBOXING = YES;
				GCC_C_LANGUAGE_STANDARD = gnu17;
				GCC_DYNAMIC_NO_PIC = NO;
				GCC_NO_COMMON_BLOCKS = YES;
				GCC_OPTIMIZATION_LEVEL = 0;
				GCC_PREPROCESSOR_DEFINITIONS = (
					"DEBUG=1",
					"$(inherited)",
				);
				GCC_WARN_64_TO_32_BIT_CONVERSION = YES;
				GCC_WARN_ABOUT_RETURN_TYPE = YES_ERROR;
				GCC_WARN_UNDECLARED_SELECTOR = YES;
				GCC_WARN_UNINITIALIZED_AUTOS = YES_AGGRESSIVE;
				GCC_WARN_UNUSED_FUNCTION = YES;
				GCC_WARN_UNUSED_VARIABLE = YES;
				IPHONEOS_DEPLOYMENT_TARGET = 17.0;
				LOCALIZATION_PREFERS_STRING_CATALOGS = YES;
				MTL_ENABLE_DEBUG_INFO = INCLUDE_SOURCE;
				MTL_FAST_MATH = YES;
				ONLY_ACTIVE_ARCH = YES;
				SDKROOT = iphoneos;
				SWIFT_ACTIVE_COMPILATION_CONDITIONS = "DEBUG $(inherited)";
				SWIFT_OPTIMIZATION_LEVEL = "-Onone";
			};
			name = Debug;
		};
		16FF7F792B26594E00DABE56 /* Release */ = {
			isa = XCBuildConfiguration;
			buildSettings = {
				ALWAYS_SEARCH_USER_PATHS = NO;
				ASSETCATALOG_COMPILER_GENERATE_SWIFT_ASSET_SYMBOL_EXTENSIONS = YES;
				CLANG_ANALYZER_NONNULL = YES;
				CLANG_ANALYZER_NUMBER_OBJECT_CONVERSION = YES_AGGRESSIVE;
				CLANG_CXX_LANGUAGE_STANDARD = "gnu++20";
				CLANG_ENABLE_MODULES = YES;
				CLANG_ENABLE_OBJC_ARC = YES;
				CLANG_ENABLE_OBJC_WEAK = YES;
				CLANG_WARN_BLOCK_CAPTURE_AUTORELEASING = YES;
				CLANG_WARN_BOOL_CONVERSION = YES;
				CLANG_WARN_COMMA = YES;
				CLANG_WARN_CONSTANT_CONVERSION = YES;
				CLANG_WARN_DEPRECATED_OBJC_IMPLEMENTATIONS = YES;
				CLANG_WARN_DIRECT_OBJC_ISA_USAGE = YES_ERROR;
				CLANG_WARN_DOCUMENTATION_COMMENTS = YES;
				CLANG_WARN_EMPTY_BODY = YES;
				CLANG_WARN_ENUM_CONVERSION = YES;
				CLANG_WARN_INFINITE_RECURSION = YES;
				CLANG_WARN_INT_CONVERSION = YES;
				CLANG_WARN_NON_LITERAL_NULL_CONVERSION = YES;
				CLANG_WARN_OBJC_IMPLICIT_RETAIN_SELF = YES;
				CLANG_WARN_OBJC_LITERAL_CONVERSION = YES;
				CLANG_WARN_OBJC_ROOT_CLASS = YES_ERROR;
				CLANG_WARN_QUOTED_INCLUDE_IN_FRAMEWORK_HEADER = YES;
				CLANG_WARN_RANGE_LOOP_ANALYSIS = YES;
				CLANG_WARN_STRICT_PROTOTYPES = YES;
				CLANG_WARN_SUSPICIOUS_MOVE = YES;
				CLANG_WARN_UNGUARDED_AVAILABILITY = YES_AGGRESSIVE;
				CLANG_WARN_UNREACHABLE_CODE = YES;
				CLANG_WARN__DUPLICATE_METHOD_MATCH = YES;
				COPY_PHASE_STRIP = NO;
				DEBUG_INFORMATION_FORMAT = "dwarf-with-dsym";
				ENABLE_NS_ASSERTIONS = NO;
				ENABLE_STRICT_OBJC_MSGSEND = YES;
				ENABLE_USER_SCRIPT_SANDBOXING = YES;
				GCC_C_LANGUAGE_STANDARD = gnu17;
				GCC_NO_COMMON_BLOCKS = YES;
				GCC_WARN_64_TO_32_BIT_CONVERSION = YES;
				GCC_WARN_ABOUT_RETURN_TYPE = YES_ERROR;
				GCC_WARN_UNDECLARED_SELECTOR = YES;
				GCC_WARN_UNINITIALIZED_AUTOS = YES_AGGRESSIVE;
				GCC_WARN_UNUSED_FUNCTION = YES;
				GCC_WARN_UNUSED_VARIABLE = YES;
				IPHONEOS_DEPLOYMENT_TARGET = 17.0;
				LOCALIZATION_PREFERS_STRING_CATALOGS = YES;
				MTL_ENABLE_DEBUG_INFO = NO;
				MTL_FAST_MATH = YES;
				SDKROOT = iphoneos;
				SWIFT_COMPILATION_MODE = wholemodule;
				VALIDATE_PRODUCT = YES;
			};
			name = Release;
		};
		16FF7F7B2B26594E00DABE56 /* Debug */ = {
			isa = XCBuildConfiguration;
			buildSettings = {
				ASSETCATALOG_COMPILER_APPICON_NAME = AppIcon;
				ASSETCATALOG_COMPILER_GLOBAL_ACCENT_COLOR_NAME = AccentColor;
				CODE_SIGN_STYLE = Automatic;
				CURRENT_PROJECT_VERSION = 1;
				DEVELOPMENT_TEAM = GJPDHKTMVM;
				GENERATE_INFOPLIST_FILE = YES;
				INFOPLIST_FILE = GitHubTest/Info.plist;
				INFOPLIST_KEY_UIApplicationSupportsIndirectInputEvents = YES;
				INFOPLIST_KEY_UILaunchStoryboardName = LaunchScreen;
				INFOPLIST_KEY_UIMainStoryboardFile = Main;
				INFOPLIST_KEY_UISupportedInterfaceOrientations_iPad = "UIInterfaceOrientationPortrait UIInterfaceOrientationPortraitUpsideDown UIInterfaceOrientationLandscapeLeft UIInterfaceOrientationLandscapeRight";
				INFOPLIST_KEY_UISupportedInterfaceOrientations_iPhone = "UIInterfaceOrientationPortrait UIInterfaceOrientationLandscapeLeft UIInterfaceOrientationLandscapeRight";
				LD_RUNPATH_SEARCH_PATHS = (
					"$(inherited)",
					"@executable_path/Frameworks",
				);
				MARKETING_VERSION = 1.0;
				PRODUCT_BUNDLE_IDENTIFIER = NicoleMyers.GitHubTest;
				PRODUCT_NAME = "$(TARGET_NAME)";
				SWIFT_EMIT_LOC_STRINGS = YES;
				SWIFT_VERSION = 5.0;
				TARGETED_DEVICE_FAMILY = "1,2";
			};
			name = Debug;
		};
		16FF7F7C2B26594E00DABE56 /* Release */ = {
			isa = XCBuildConfiguration;
			buildSettings = {
				ASSETCATALOG_COMPILER_APPICON_NAME = AppIcon;
				ASSETCATALOG_COMPILER_GLOBAL_ACCENT_COLOR_NAME = AccentColor;
				CODE_SIGN_STYLE = Automatic;
				CURRENT_PROJECT_VERSION = 1;
				DEVELOPMENT_TEAM = GJPDHKTMVM;
				GENERATE_INFOPLIST_FILE = YES;
				INFOPLIST_FILE = GitHubTest/Info.plist;
				INFOPLIST_KEY_UIApplicationSupportsIndirectInputEvents = YES;
				INFOPLIST_KEY_UILaunchStoryboardName = LaunchScreen;
				INFOPLIST_KEY_UIMainStoryboardFile = Main;
				INFOPLIST_KEY_UISupportedInterfaceOrientations_iPad = "UIInterfaceOrientationPortrait UIInterfaceOrientationPortraitUpsideDown UIInterfaceOrientationLandscapeLeft UIInterfaceOrientationLandscapeRight";
				INFOPLIST_KEY_UISupportedInterfaceOrientations_iPhone = "UIInterfaceOrientationPortrait UIInterfaceOrientationLandscapeLeft UIInterfaceOrientationLandscapeRight";
				LD_RUNPATH_SEARCH_PATHS = (
					"$(inherited)",
					"@executable_path/Frameworks",
				);
				MARKETING_VERSION = 1.0;
				PRODUCT_BUNDLE_IDENTIFIER = NicoleMyers.GitHubTest;
				PRODUCT_NAME = "$(TARGET_NAME)";
				SWIFT_EMIT_LOC_STRINGS = YES;
				SWIFT_VERSION = 5.0;
				TARGETED_DEVICE_FAMILY = "1,2";
			};
			name = Release;
		};
		16FF7F7E2B26594E00DABE56 /* Debug */ = {
			isa = XCBuildConfiguration;
			buildSettings = {
				ALWAYS_EMBED_SWIFT_STANDARD_LIBRARIES = YES;
				BUNDLE_LOADER = "$(TEST_HOST)";
				CODE_SIGN_STYLE = Automatic;
				CURRENT_PROJECT_VERSION = 1;
				DEVELOPMENT_TEAM = GJPDHKTMVM;
				GENERATE_INFOPLIST_FILE = YES;
				IPHONEOS_DEPLOYMENT_TARGET = 17.0;
				MARKETING_VERSION = 1.0;
				PRODUCT_BUNDLE_IDENTIFIER = NicoleMyers.GitHubTestTests;
				PRODUCT_NAME = "$(TARGET_NAME)";
				SWIFT_EMIT_LOC_STRINGS = NO;
				SWIFT_VERSION = 5.0;
				TARGETED_DEVICE_FAMILY = "1,2";
				TEST_HOST = "$(BUILT_PRODUCTS_DIR)/GitHubTest.app/$(BUNDLE_EXECUTABLE_FOLDER_PATH)/GitHubTest";
			};
			name = Debug;
		};
		16FF7F7F2B26594E00DABE56 /* Release */ = {
			isa = XCBuildConfiguration;
			buildSettings = {
				ALWAYS_EMBED_SWIFT_STANDARD_LIBRARIES = YES;
				BUNDLE_LOADER = "$(TEST_HOST)";
				CODE_SIGN_STYLE = Automatic;
				CURRENT_PROJECT_VERSION = 1;
				DEVELOPMENT_TEAM = GJPDHKTMVM;
				GENERATE_INFOPLIST_FILE = YES;
				IPHONEOS_DEPLOYMENT_TARGET = 17.0;
				MARKETING_VERSION = 1.0;
				PRODUCT_BUNDLE_IDENTIFIER = NicoleMyers.GitHubTestTests;
				PRODUCT_NAME = "$(TARGET_NAME)";
				SWIFT_EMIT_LOC_STRINGS = NO;
				SWIFT_VERSION = 5.0;
				TARGETED_DEVICE_FAMILY = "1,2";
				TEST_HOST = "$(BUILT_PRODUCTS_DIR)/GitHubTest.app/$(BUNDLE_EXECUTABLE_FOLDER_PATH)/GitHubTest";
			};
			name = Release;
		};
		16FF7F812B26594E00DABE56 /* Debug */ = {
			isa = XCBuildConfiguration;
			buildSettings = {
				ALWAYS_EMBED_SWIFT_STANDARD_LIBRARIES = YES;
				CODE_SIGN_STYLE = Automatic;
				CURRENT_PROJECT_VERSION = 1;
				DEVELOPMENT_TEAM = GJPDHKTMVM;
				GENERATE_INFOPLIST_FILE = YES;
				MARKETING_VERSION = 1.0;
				PRODUCT_BUNDLE_IDENTIFIER = NicoleMyers.GitHubTestUITests;
				PRODUCT_NAME = "$(TARGET_NAME)";
				SWIFT_EMIT_LOC_STRINGS = NO;
				SWIFT_VERSION = 5.0;
				TARGETED_DEVICE_FAMILY = "1,2";
				TEST_TARGET_NAME = GitHubTest;
			};
			name = Debug;
		};
		16FF7F822B26594E00DABE56 /* Release */ = {
			isa = XCBuildConfiguration;
			buildSettings = {
				ALWAYS_EMBED_SWIFT_STANDARD_LIBRARIES = YES;
				CODE_SIGN_STYLE = Automatic;
				CURRENT_PROJECT_VERSION = 1;
				DEVELOPMENT_TEAM = GJPDHKTMVM;
				GENERATE_INFOPLIST_FILE = YES;
				MARKETING_VERSION = 1.0;
				PRODUCT_BUNDLE_IDENTIFIER = NicoleMyers.GitHubTestUITests;
				PRODUCT_NAME = "$(TARGET_NAME)";
				SWIFT_EMIT_LOC_STRINGS = NO;
				SWIFT_VERSION = 5.0;
				TARGETED_DEVICE_FAMILY = "1,2";
				TEST_TARGET_NAME = GitHubTest;
			};
			name = Release;
		};
/* End XCBuildConfiguration section */

/* Begin XCConfigurationList section */
		16FF7F4B2B26594C00DABE56 /* Build configuration list for PBXProject "GitHubTest" */ = {
			isa = XCConfigurationList;
			buildConfigurations = (
				16FF7F782B26594E00DABE56 /* Debug */,
				16FF7F792B26594E00DABE56 /* Release */,
			);
			defaultConfigurationIsVisible = 0;
			defaultConfigurationName = Release;
		};
		16FF7F7A2B26594E00DABE56 /* Build configuration list for PBXNativeTarget "GitHubTest" */ = {
			isa = XCConfigurationList;
			buildConfigurations = (
				16FF7F7B2B26594E00DABE56 /* Debug */,
				16FF7F7C2B26594E00DABE56 /* Release */,
			);
			defaultConfigurationIsVisible = 0;
			defaultConfigurationName = Release;
		};
		16FF7F7D2B26594E00DABE56 /* Build configuration list for PBXNativeTarget "GitHubTestTests" */ = {
			isa = XCConfigurationList;
			buildConfigurations = (
				16FF7F7E2B26594E00DABE56 /* Debug */,
				16FF7F7F2B26594E00DABE56 /* Release */,
			);
			defaultConfigurationIsVisible = 0;
			defaultConfigurationName = Release;
		};
		16FF7F802B26594E00DABE56 /* Build configuration list for PBXNativeTarget "GitHubTestUITests" */ = {
			isa = XCConfigurationList;
			buildConfigurations = (
				16FF7F812B26594E00DABE56 /* Debug */,
				16FF7F822B26594E00DABE56 /* Release */,
			);
			defaultConfigurationIsVisible = 0;
			defaultConfigurationName = Release;
		};
/* End XCConfigurationList section */
	};
	rootObject = 16FF7F482B26594C00DABE56 /* Project object */;
}
